PODS:
  - iosComposeApp (1.0)

DEPENDENCIES:
  - iosComposeApp (from `../iosComposeApp`)

EXTERNAL SOURCES:
  iosComposeApp:
    :path: "../iosComposeApp"

SPEC CHECKSUMS:
  iosComposeApp: d5c07ae3dd71fad93a0d922634de7ee3f2500dc3

PODFILE CHECKSUM: bd6702c6b682218cc0e43d10fbff167c298966eb

COCOAPODS: 1.12.0
